github.com/akutz/memconn v0.1.0 h1:NawI0TORU4hcOMsMr11g7vwlCdkYeLKXBcxWu2W/P8A=
github.com/akutz/memconn v0.1.0/go.mod h1:Jo8rI7m0NieZyLI5e2CDlRdRqRRB4S7Xp77ukDjH+Fw=
github.com/tencentyun/scf-go-lib v0.0.0-20190817080819-4a2819cda320 h1:/+2+zGYfuDrnyle2x+d3eq54RUYzQwHIzfzm62wtUjs=
github.com/tencentyun/scf-go-lib v0.0.0-20190817080819-4a2819cda320/go.mod h1:K3DbqPpP2WE/9MWokWWzgFZcbgtMb9Wd5CYk9AAbEN8=
